
Microsoft Visual Studio Solution File, Format Version 12.00
# Visual Studio Version 17
VisualStudioVersion = 17.5.33516.290
MinimumVisualStudioVersion = 10.0.40219.1
Project("{FAE04EC0-301F-11D3-BF4B-00C04F79EFBC}") = "ThaiTanic", "ThaiTanic\ThaiTanic.csproj", "{A7E4BAB1-F8DF-43E1-8885-B51D5FB02723}"
EndProject
Global
	GlobalSection(SolutionConfigurationPlatforms) = preSolution
		Debug|Any CPU = Debug|Any CPU
		Release|Any CPU = Release|Any CPU
	EndGlobalSection
	GlobalSection(ProjectConfigurationPlatforms) = postSolution
		{A7E4BAB1-F8DF-43E1-8885-B51D5FB02723}.Debug|Any CPU.ActiveCfg = Debug|Any CPU
		{A7E4BAB1-F8DF-43E1-8885-B51D5FB02723}.Debug|Any CPU.Build.0 = Debug|Any CPU
		{A7E4BAB1-F8DF-43E1-8885-B51D5FB02723}.Release|Any CPU.ActiveCfg = Release|Any CPU
		{A7E4BAB1-F8DF-43E1-8885-B51D5FB02723}.Release|Any CPU.Build.0 = Release|Any CPU
	EndGlobalSection
	GlobalSection(SolutionProperties) = preSolution
		HideSolutionNode = FALSE
	EndGlobalSection
	GlobalSection(ExtensibilityGlobals) = postSolution
		SolutionGuid = {940BA453-04C3-4BFF-AAFA-934A8FD46357}
	EndGlobalSection
EndGlobal
